
Microsoft Visual Studio Solution File, Format Version 12.00
# Visual Studio 14
VisualStudioVersion = 14.0.24720.0
MinimumVisualStudioVersion = 10.0.40219.1
Project("{FAE04EC0-301F-11D3-BF4B-00C04F79EFBC}") = "HellsTriangle", "HellsTriangle\HellsTriangle.csproj", "{D564A6EF-5566-46C5-97CD-AC4B9CD43746}"
EndProject
Project("{FAE04EC0-301F-11D3-BF4B-00C04F79EFBC}") = "HellsTriangleTests", "HellsTriangleTests\HellsTriangleTests.csproj", "{5FA77DEA-E744-4C5A-B325-D88D6936A513}"
EndProject
Global
	GlobalSection(SolutionConfigurationPlatforms) = preSolution
		Debug|Any CPU = Debug|Any CPU
		Release|Any CPU = Release|Any CPU
	EndGlobalSection
	GlobalSection(ProjectConfigurationPlatforms) = postSolution
		{D564A6EF-5566-46C5-97CD-AC4B9CD43746}.Debug|Any CPU.ActiveCfg = Debug|Any CPU
		{D564A6EF-5566-46C5-97CD-AC4B9CD43746}.Debug|Any CPU.Build.0 = Debug|Any CPU
		{D564A6EF-5566-46C5-97CD-AC4B9CD43746}.Release|Any CPU.ActiveCfg = Release|Any CPU
		{D564A6EF-5566-46C5-97CD-AC4B9CD43746}.Release|Any CPU.Build.0 = Release|Any CPU
		{5FA77DEA-E744-4C5A-B325-D88D6936A513}.Debug|Any CPU.ActiveCfg = Debug|Any CPU
		{5FA77DEA-E744-4C5A-B325-D88D6936A513}.Debug|Any CPU.Build.0 = Debug|Any CPU
		{5FA77DEA-E744-4C5A-B325-D88D6936A513}.Release|Any CPU.ActiveCfg = Release|Any CPU
		{5FA77DEA-E744-4C5A-B325-D88D6936A513}.Release|Any CPU.Build.0 = Release|Any CPU
	EndGlobalSection
	GlobalSection(SolutionProperties) = preSolution
		HideSolutionNode = FALSE
	EndGlobalSection
EndGlobal
